# THIS IS AN AUTOGENERATED FILE. DO NOT EDIT THIS FILE DIRECTLY.
# yarn lockfile v1


"@types/zen-observable@^0.8.0":
  version "0.8.0"
  resolved "https://registry.yarnpkg.com/@types/zen-observable/-/zen-observable-0.8.0.tgz#8b63ab7f1aa5321248aad5ac890a485656dcea4d"
  integrity sha512-te5lMAWii1uEJ4FwLjzdlbw3+n0FZNOvFXHxQDKeT0dilh7HOzdMzV2TrJVUzq8ep7J4Na8OUYPRLSQkJHAlrg==

ansi-styles@^3.2.1:
  version "3.2.1"
  resolved "https://registry.yarnpkg.com/ansi-styles/-/ansi-styles-3.2.1.tgz#41fbb20243e50b12be0f04b8dedbf07520ce841d"
  integrity sha512-VT0ZI6kZRdTh8YyJw3SMbYm/u+NqfsAxEpWO0Pf9sq8/e94WxxOpPKx9FR1FlyCtOVDNOQ+8ntlqFxiRc+r5qA==
  dependencies:
    color-convert "^1.9.0"

apollo-boost@^0.1.27:
  version "0.1.28"
  resolved "https://registry.yarnpkg.com/apollo-boost/-/apollo-boost-0.1.28.tgz#a1f9a913f854408abd59a029a94d83c9dd58081f"
  integrity sha512-WnOeFKyI+1FxWtIsIjqj5TC+xMxJyY1pw8e0Gyd99vKaGNNulx1+MBEy2qL3u7NiaGWj93vxu/y4r8tKNnNqyA==
  dependencies:
    apollo-cache "^1.1.26"
    apollo-cache-inmemory "^1.4.3"
    apollo-client "^2.4.13"
    apollo-link "^1.0.6"
    apollo-link-error "^1.0.3"
    apollo-link-http "^1.3.1"
    apollo-link-state "^0.4.0"
    graphql-tag "^2.4.2"
    tslib "^1.9.3"

apollo-cache-inmemory@^1.4.3:
  version "1.5.1"
  resolved "https://registry.yarnpkg.com/apollo-cache-inmemory/-/apollo-cache-inmemory-1.5.1.tgz#265d1ee67b0bf0aca9c37629d410bfae44e62953"
  integrity sha512-D3bdpPmWfaKQkWy8lfwUg+K8OBITo3sx0BHLs1B/9vIdOIZ7JNCKq3EUcAgAfInomJUdN0QG1yOfi8M8hxkN1g==
  dependencies:
    apollo-cache "^1.2.1"
    apollo-utilities "^1.2.1"
    optimism "^0.6.9"
    ts-invariant "^0.2.1"
    tslib "^1.9.3"

apollo-cache@1.2.1, apollo-cache@^1.1.26, apollo-cache@^1.2.1:
  version "1.2.1"
  resolved "https://registry.yarnpkg.com/apollo-cache/-/apollo-cache-1.2.1.tgz#aae71eb4a11f1f7322adc343f84b1a39b0693644"
  integrity sha512-nzFmep/oKlbzUuDyz6fS6aYhRmfpcHWqNkkA9Bbxwk18RD6LXC4eZkuE0gXRX0IibVBHNjYVK+Szi0Yied4SpQ==
  dependencies:
    apollo-utilities "^1.2.1"
    tslib "^1.9.3"

apollo-client@^2.4.13:
  version "2.5.1"
  resolved "https://registry.yarnpkg.com/apollo-client/-/apollo-client-2.5.1.tgz#36126ed1d32edd79c3713c6684546a3bea80e6d1"
  integrity sha512-MNcQKiqLHdGmNJ0rZ0NXaHrToXapJgS/5kPk0FygXt+/FmDCdzqcujI7OPxEC6e9Yw5S/8dIvOXcRNuOMElHkA==
  dependencies:
    "@types/zen-observable" "^0.8.0"
    apollo-cache "1.2.1"
    apollo-link "^1.0.0"
    apollo-link-dedup "^1.0.0"
    apollo-utilities "1.2.1"
    symbol-observable "^1.0.2"
    ts-invariant "^0.2.1"
    tslib "^1.9.3"
    zen-observable "^0.8.0"

apollo-link-dedup@^1.0.0:
  version "1.0.15"
  resolved "https://registry.yarnpkg.com/apollo-link-dedup/-/apollo-link-dedup-1.0.15.tgz#028148f1028e806a9ab2f4abf3bde9dc292565e9"
  integrity sha512-14/+Tg7ogcYVrvZa8C7uBQIvX2B/dCKSnojI41yDYGp/t2eWD5ITCWdgjhciXpi0Ij6z+NRyMEebACz3EOwm4w==
  dependencies:
    apollo-link "^1.2.8"

apollo-link-error@^1.0.3:
  version "1.1.7"
  resolved "https://registry.yarnpkg.com/apollo-link-error/-/apollo-link-error-1.1.7.tgz#6233a339d732def831af2dd417065b2ffd9feb5c"
  integrity sha512-olPTKr3yFoavFHSXSLqC5QSWrRACN8TK3+E0pVL8uVR0zILJflUSCRb8HizKQmxZWtr9yM+D2gRLu9mStI8qTA==
  dependencies:
    apollo-link "^1.2.8"
    apollo-link-http-common "^0.2.10"

apollo-link-http-common@^0.2.10:
  version "0.2.10"
  resolved "https://registry.yarnpkg.com/apollo-link-http-common/-/apollo-link-http-common-0.2.10.tgz#b5bbf502ff40a81cc00281ba3b8543b7ad866dfe"
  integrity sha512-KY9nhpAurw3z48OIYV0sCZFXrzWp/wjECsveK+Q9GUhhSe1kEbbUjFfmi+qigg+iELgdp5V8ioRJhinl1vPojw==
  dependencies:
    apollo-link "^1.2.8"

apollo-link-http@^1.3.1, apollo-link-http@^1.5.9:
  version "1.5.11"
  resolved "https://registry.yarnpkg.com/apollo-link-http/-/apollo-link-http-1.5.11.tgz#1f72a377d03e874a08bc9eadb1ce7ecb166f1e56"
  integrity sha512-wDG+I9UmpfaZRPIvTYBgkvqiCgmz6yWgvuzW/S24Q4r4Xrfe6sLpg2FmarhtdP+hdN+IXTLbFNCZ+Trgfpifow==
  dependencies:
    apollo-link "^1.2.8"
    apollo-link-http-common "^0.2.10"

apollo-link-state@^0.4.0:
  version "0.4.2"
  resolved "https://registry.yarnpkg.com/apollo-link-state/-/apollo-link-state-0.4.2.tgz#ac00e9be9b0ca89eae0be6ba31fe904b80bbe2e8"
  integrity sha512-xMPcAfuiPVYXaLwC6oJFIZrKgV3GmdO31Ag2eufRoXpvT0AfJZjdaPB4450Nu9TslHRePN9A3quxNueILlQxlw==
  dependencies:
    apollo-utilities "^1.0.8"
    graphql-anywhere "^4.1.0-alpha.0"

apollo-link@^1.0.0, apollo-link@^1.0.6, apollo-link@^1.2.8:
  version "1.2.8"
  resolved "https://registry.yarnpkg.com/apollo-link/-/apollo-link-1.2.8.tgz#0f252adefd5047ac1a9f35ba9439d216587dcd84"
  integrity sha512-lfzGRxhK9RmiH3HPFi7TIEBhhDY9M5a2ZDnllcfy5QDk7cCQHQ1WQArcw1FK0g1B+mV4Kl72DSrlvZHZJEolrA==
  dependencies:
    zen-observable-ts "^0.8.15"

apollo-utilities@1.2.1, apollo-utilities@^1.0.8, apollo-utilities@^1.2.1:
  version "1.2.1"
  resolved "https://registry.yarnpkg.com/apollo-utilities/-/apollo-utilities-1.2.1.tgz#1c3a1ebf5607d7c8efe7636daaf58e7463b41b3c"
  integrity sha512-Zv8Udp9XTSFiN8oyXOjf6PMHepD4yxxReLsl6dPUy5Ths7jti3nmlBzZUOxuTWRwZn0MoclqL7RQ5UEJN8MAxg==
  dependencies:
    fast-json-stable-stringify "^2.0.0"
    ts-invariant "^0.2.1"
    tslib "^1.9.3"

chalk@^2.4.2:
  version "2.4.2"
  resolved "https://registry.yarnpkg.com/chalk/-/chalk-2.4.2.tgz#cd42541677a54333cf541a49108c1432b44c9424"
  integrity sha512-Mti+f9lpJNcwF4tWV8/OrTTtF1gZi+f8FqlyAdouralcFWFQWF2+NgCHShjkCb+IFBLq9buZwE1xckQU4peSuQ==
  dependencies:
    ansi-styles "^3.2.1"
    escape-string-regexp "^1.0.5"
    supports-color "^5.3.0"

color-convert@^1.9.0:
  version "1.9.3"
  resolved "https://registry.yarnpkg.com/color-convert/-/color-convert-1.9.3.tgz#bb71850690e1f136567de629d2d5471deda4c1e8"
  integrity sha512-QfAUtd+vFdAtFQcC8CCyYt1fYWxSqAiK2cSD6zDB8N3cpsEBAvRxp9zOGg6G/SHHJYAT88/az/IuDGALsNVbGg==
  dependencies:
    color-name "1.1.3"

color-name@1.1.3:
  version "1.1.3"
  resolved "https://registry.yarnpkg.com/color-name/-/color-name-1.1.3.tgz#a7d0558bd89c42f795dd42328f740831ca53bc25"
  integrity sha1-p9BVi9icQveV3UIyj3QIMcpTvCU=

dotenv@^6.2.0:
  version "6.2.0"
  resolved "https://registry.yarnpkg.com/dotenv/-/dotenv-6.2.0.tgz#941c0410535d942c8becf28d3f357dbd9d476064"
  integrity sha512-HygQCKUBSFl8wKQZBSemMywRWcEDNidvNbjGVyZu3nbZ8qq9ubiPoGLMdRDpfSrpkkm9BXYFkpKxxFX38o/76w==

escape-string-regexp@^1.0.5:
  version "1.0.5"
  resolved "https://registry.yarnpkg.com/escape-string-regexp/-/escape-string-regexp-1.0.5.tgz#1b61c0562190a8dff6ae3bb2cf0200ca130b86d4"
  integrity sha1-G2HAViGQqN/2rjuyzwIAyhMLhtQ=

fast-json-stable-stringify@^2.0.0:
  version "2.0.0"
  resolved "https://registry.yarnpkg.com/fast-json-stable-stringify/-/fast-json-stable-stringify-2.0.0.tgz#d5142c0caee6b1189f87d3a76111064f86c8bbf2"
  integrity sha1-1RQsDK7msRifh9OnYREGT4bIu/I=

graphql-anywhere@^4.1.0-alpha.0:
  version "4.2.1"
  resolved "https://registry.yarnpkg.com/graphql-anywhere/-/graphql-anywhere-4.2.1.tgz#1f7c3a3d9004dbe81b1c553d7fd1ef2e16e14a85"
  integrity sha512-4zlzTFzixGXtIYjX7BiXQOGhQ5yQVohj/EKNxUHUTAR7lHnCmrXU17gGtZ+108l9TkoHNfc33ieJ9U8trnHE1w==
  dependencies:
    apollo-utilities "^1.2.1"
    tslib "^1.9.3"

graphql-tag@^2.10.1, graphql-tag@^2.4.2:
  version "2.10.1"
  resolved "https://registry.yarnpkg.com/graphql-tag/-/graphql-tag-2.10.1.tgz#10aa41f1cd8fae5373eaf11f1f67260a3cad5e02"
  integrity sha512-jApXqWBzNXQ8jYa/HLkZJaVw9jgwNqZkywa2zfFn16Iv1Zb7ELNHkJaXHR7Quvd5SIGsy6Ny7SUKATgnu05uEg==

graphql@^14.1.1:
  version "14.1.1"
  resolved "https://registry.yarnpkg.com/graphql/-/graphql-14.1.1.tgz#d5d77df4b19ef41538d7215d1e7a28834619fac0"
  integrity sha512-C5zDzLqvfPAgTtP8AUPIt9keDabrdRAqSWjj2OPRKrKxI9Fb65I36s1uCs1UUBFnSWTdO7hyHi7z1ZbwKMKF6Q==
  dependencies:
    iterall "^1.2.2"

has-flag@^3.0.0:
  version "3.0.0"
  resolved "https://registry.yarnpkg.com/has-flag/-/has-flag-3.0.0.tgz#b5d454dc2199ae225699f3467e5a07f3b955bafd"
  integrity sha1-tdRU3CGZriJWmfNGfloH87lVuv0=

httpie@^1.1.0:
  version "1.1.0"
  resolved "https://registry.yarnpkg.com/httpie/-/httpie-1.1.0.tgz#f7daa2c5aad872254efd7317a1a5748037dcaf4c"
  integrity sha512-KjtDfJhlkIpaZtLtudPQf1TO2AelyoBavcGX2VZWGl3ZpThwfMttoX19cFkja8Xd02B6L6xbZ7e0FMFGrDCy3w==

immutable-tuple@^0.4.9:
  version "0.4.10"
  resolved "https://registry.yarnpkg.com/immutable-tuple/-/immutable-tuple-0.4.10.tgz#e0b1625384f514084a7a84b749a3bb26e9179929"
  integrity sha512-45jheDbc3Kr5Cw8EtDD+4woGRUV0utIrJBZT8XH0TPZRfm8tzT0/sLGGzyyCCFqFMG5Pv5Igf3WY/arn6+8V9Q==

iterall@^1.2.2:
  version "1.2.2"
  resolved "https://registry.yarnpkg.com/iterall/-/iterall-1.2.2.tgz#92d70deb8028e0c39ff3164fdbf4d8b088130cd7"
  integrity sha512-yynBb1g+RFUPY64fTrFv7nsjRrENBQJaX2UL+2Szc9REFrSNm1rpSXHGzhmAy7a9uv3vlvgBlXnf9RqmPH1/DA==

node-fetch@^2.3.0:
  version "2.3.0"
  resolved "https://registry.yarnpkg.com/node-fetch/-/node-fetch-2.3.0.tgz#1a1d940bbfb916a1d3e0219f037e89e71f8c5fa5"
  integrity sha512-MOd8pV3fxENbryESLgVIeaGKrdl+uaYhCSSVkjeOb/31/njTpcis5aWfdqgNlHIrKOLRbMnfPINPOML2CIFeXA==

optimism@^0.6.9:
  version "0.6.9"
  resolved "https://registry.yarnpkg.com/optimism/-/optimism-0.6.9.tgz#19258ff8b3be0cea29ac35f06bff818e026e30bb"
  integrity sha512-xoQm2lvXbCA9Kd7SCx6y713Y7sZ6fUc5R6VYpoL5M6svKJbTuvtNopexK8sO8K4s0EOUYHuPN2+yAEsNyRggkQ==
  dependencies:
    immutable-tuple "^0.4.9"

progress@^2.0.3:
  version "2.0.3"
  resolved "https://registry.yarnpkg.com/progress/-/progress-2.0.3.tgz#7e8cf8d8f5b8f239c1bc68beb4eb78567d572ef8"
  integrity sha512-7PiHtLll5LdnKIMw100I+8xJXR5gW2QwWYkT6iJva0bXitZKa/XMrSbdmg3r2Xnaidz9Qumd0VPaMrZlF9V9sA==

supports-color@^5.3.0:
  version "5.5.0"
  resolved "https://registry.yarnpkg.com/supports-color/-/supports-color-5.5.0.tgz#e2e69a44ac8772f78a1ec0b35b689df6530efc8f"
  integrity sha512-QjVjwdXIt408MIiAqCX4oUKsgU2EqAGzs2Ppkm4aQYbjm+ZEWEcW4SfFNTr4uMNZma0ey4f5lgLrkB0aX0QMow==
  dependencies:
    has-flag "^3.0.0"

symbol-observable@^1.0.2:
  version "1.2.0"
  resolved "https://registry.yarnpkg.com/symbol-observable/-/symbol-observable-1.2.0.tgz#c22688aed4eab3cdc2dfeacbb561660560a00804"
  integrity sha512-e900nM8RRtGhlV36KGEU9k65K3mPb1WV70OdjfxlG2EAuM1noi/E/BaW/uMhL7bPEssK8QV57vN3esixjUvcXQ==

ts-invariant@^0.2.1:
  version "0.2.1"
  resolved "https://registry.yarnpkg.com/ts-invariant/-/ts-invariant-0.2.1.tgz#3d587f9d6e3bded97bf9ec17951dd9814d5a9d3f"
  integrity sha512-Z/JSxzVmhTo50I+LKagEISFJW3pvPCqsMWLamCTX8Kr3N5aMrnGOqcflbe5hLUzwjvgPfnLzQtHZv0yWQ+FIHg==
  dependencies:
    tslib "^1.9.3"

tslib@^1.9.3:
  version "1.9.3"
  resolved "https://registry.yarnpkg.com/tslib/-/tslib-1.9.3.tgz#d7e4dd79245d85428c4d7e4822a79917954ca286"
  integrity sha512-4krF8scpejhaOgqzBEcGM7yDIEfi0/8+8zDRZhNZZ2kjmHJ4hv3zCbQWxoJGz1iw5U0Jl0nma13xzHXcncMavQ==

zen-observable-ts@^0.8.15:
  version "0.8.15"
  resolved "https://registry.yarnpkg.com/zen-observable-ts/-/zen-observable-ts-0.8.15.tgz#6cf7df6aa619076e4af2f707ccf8a6290d26699b"
  integrity sha512-sXKPWiw6JszNEkRv5dQ+lQCttyjHM2Iks74QU5NP8mMPS/NrzTlHDr780gf/wOBqmHkPO6NCLMlsa+fAQ8VE8w==
  dependencies:
    zen-observable "^0.8.0"

zen-observable@^0.8.0:
  version "0.8.13"
  resolved "https://registry.yarnpkg.com/zen-observable/-/zen-observable-0.8.13.tgz#a9f1b9dbdfd2d60a08761ceac6a861427d44ae2e"
  integrity sha512-fa+6aDUVvavYsefZw0zaZ/v3ckEtMgCFi30sn91SEZea4y/6jQp05E3omjkX91zV6RVdn15fqnFZ6RKjRGbp2g==
